<?xml version="1.0" encoding="utf-8"?>
<Project ToolsVersion="4.0" xmlns="http://schemas.microsoft.com/developer/msbuild/2003">
  <ItemGroup>
    <ClCompile Include="Main.cpp" />
    <ClCompile Include="HSoftRaster\HSceneRaster.cpp" />
    <ClCompile Include="HSoftRaster\HVector.cpp" />
    <ClCompile Include="HSoftRaster\HSerializationUtil.cpp" />
  </ItemGroup>
  <ItemGroup>
    <Filter Include="UEMaskSoc">
      <UniqueIdentifier>{c2d99baa-1eb8-4a06-81d3-8fc2df02d0d1}</UniqueIdentifier>
    </Filter>
    <Filter Include="UEMaskSoc\Math">
      <UniqueIdentifier>{67cbbf77-027a-4c31-a590-557d5fbb5a05}</UniqueIdentifier>
    </Filter>
    <Filter Include="UEMaskSoc\Windows">
      <UniqueIdentifier>{cb2f5743-1990-42f0-b551-d98567e4f209}</UniqueIdentifier>
    </Filter>
  </ItemGroup>
  <ItemGroup>
    <ClInclude Include="HSoftRaster\HSceneRaster.h" />
    <ClInclude Include="HSoftRaster\HUtil.h" />
    <ClInclude Include="HSoftRaster\HSerializationUtil.h" />
    <ClInclude Include="HSoftRaster\HVector.h" />
    <ClInclude Include="HSoftRaster\HMathType.h" />
  </ItemGroup>
</Project>