<?xml version="1.0" encoding="utf-8"?>
<Project ToolsVersion="4.0" xmlns="http://schemas.microsoft.com/developer/msbuild/2003">
  <ItemGroup>
    <ClCompile Include="Main.cpp" />
    <ClCompile Include="UEMaskSoc\SceneSoftwareOcclusion.cpp">
      <Filter>UEMaskSoc</Filter>
    </ClCompile>
  </ItemGroup>
  <ItemGroup>
    <Filter Include="UEMaskSoc">
      <UniqueIdentifier>{c2d99baa-1eb8-4a06-81d3-8fc2df02d0d1}</UniqueIdentifier>
    </Filter>
    <Filter Include="UEMaskSoc\Math">
      <UniqueIdentifier>{67cbbf77-027a-4c31-a590-557d5fbb5a05}</UniqueIdentifier>
    </Filter>
    <Filter Include="UEMaskSoc\Windows">
      <UniqueIdentifier>{cb2f5743-1990-42f0-b551-d98567e4f209}</UniqueIdentifier>
    </Filter>
  </ItemGroup>
  <ItemGroup>
    <ClInclude Include="UEMaskSoc\Windows\WindowsPlatformMath.h">
      <Filter>UEMaskSoc\Windows</Filter>
    </ClInclude>
    <ClInclude Include="UEMaskSoc\Math\Box.h">
      <Filter>UEMaskSoc\Math</Filter>
    </ClInclude>
    <ClInclude Include="UEMaskSoc\Math\BoxSphereBounds.h">
      <Filter>UEMaskSoc\Math</Filter>
    </ClInclude>
    <ClInclude Include="UEMaskSoc\Math\GenericPlatformMath.h">
      <Filter>UEMaskSoc\Math</Filter>
    </ClInclude>
    <ClInclude Include="UEMaskSoc\Math\IntPoint.h">
      <Filter>UEMaskSoc\Math</Filter>
    </ClInclude>
    <ClInclude Include="UEMaskSoc\Math\IntVector.h">
      <Filter>UEMaskSoc\Math</Filter>
    </ClInclude>
    <ClInclude Include="UEMaskSoc\Math\Matrix.h">
      <Filter>UEMaskSoc\Math</Filter>
    </ClInclude>
    <ClInclude Include="UEMaskSoc\Math\NumericLimits.h">
      <Filter>UEMaskSoc\Math</Filter>
    </ClInclude>
    <ClInclude Include="UEMaskSoc\Math\Plane.h">
      <Filter>UEMaskSoc\Math</Filter>
    </ClInclude>
    <ClInclude Include="UEMaskSoc\Math\Sphere.h">
      <Filter>UEMaskSoc\Math</Filter>
    </ClInclude>
    <ClInclude Include="UEMaskSoc\Math\sse_mathfun.h">
      <Filter>UEMaskSoc\Math</Filter>
    </ClInclude>
    <ClInclude Include="UEMaskSoc\Math\UnrealMathFPU.h">
      <Filter>UEMaskSoc\Math</Filter>
    </ClInclude>
    <ClInclude Include="UEMaskSoc\Math\UnrealMathNeon.h">
      <Filter>UEMaskSoc\Math</Filter>
    </ClInclude>
    <ClInclude Include="UEMaskSoc\Math\UnrealMathSSE.h">
      <Filter>UEMaskSoc\Math</Filter>
    </ClInclude>
    <ClInclude Include="UEMaskSoc\Math\UnrealMathUtility.h">
      <Filter>UEMaskSoc\Math</Filter>
    </ClInclude>
    <ClInclude Include="UEMaskSoc\Math\UnrealMathVectorConstants.h">
      <Filter>UEMaskSoc\Math</Filter>
    </ClInclude>
    <ClInclude Include="UEMaskSoc\Math\UnrealPlatformMathSSE.h">
      <Filter>UEMaskSoc\Math</Filter>
    </ClInclude>
    <ClInclude Include="UEMaskSoc\Math\UnrealPlatformMathSSE4.h">
      <Filter>UEMaskSoc\Math</Filter>
    </ClInclude>
    <ClInclude Include="UEMaskSoc\Math\Vector.h">
      <Filter>UEMaskSoc\Math</Filter>
    </ClInclude>
    <ClInclude Include="UEMaskSoc\Math\Vector2D.h">
      <Filter>UEMaskSoc\Math</Filter>
    </ClInclude>
    <ClInclude Include="UEMaskSoc\Math\Vector4.h">
      <Filter>UEMaskSoc\Math</Filter>
    </ClInclude>
    <ClInclude Include="UEMaskSoc\SceneSoftwareOcclusion.h">
      <Filter>UEMaskSoc</Filter>
    </ClInclude>
    <ClInclude Include="UEMaskSoc\UEAdapter.h">
      <Filter>UEMaskSoc</Filter>
    </ClInclude>
  </ItemGroup>
  <ItemGroup>
    <None Include="UEMaskSoc\Math\Matrix.inl">
      <Filter>UEMaskSoc\Math</Filter>
    </None>
  </ItemGroup>
</Project>